
Microsoft Visual Studio Solution File, Format Version 12.00
# Visual Studio Version 17
VisualStudioVersion = 17.10.35013.160
MinimumVisualStudioVersion = 10.0.40219.1
Project("{9A19103F-16F7-4668-BE54-9A1E7A4F7556}") = "Uge 27 project", "Uge 27 project.csproj", "{5E337379-4650-4AEB-B9E5-E8E43CCE511B}"
EndProject
Project("{9A19103F-16F7-4668-BE54-9A1E7A4F7556}") = "Uge 27 project.Desktop", "..\Uge 27 project.Desktop\Uge 27 project.Desktop.csproj", "{E316FA9A-B06C-49C0-AF70-69A2E9024693}"
EndProject
Global
	GlobalSection(SolutionConfigurationPlatforms) = preSolution
		Debug|Any CPU = Debug|Any CPU
		Release|Any CPU = Release|Any CPU
	EndGlobalSection
	GlobalSection(ProjectConfigurationPlatforms) = postSolution
		{5E337379-4650-4AEB-B9E5-E8E43CCE511B}.Debug|Any CPU.ActiveCfg = Debug|Any CPU
		{5E337379-4650-4AEB-B9E5-E8E43CCE511B}.Debug|Any CPU.Build.0 = Debug|Any CPU
		{5E337379-4650-4AEB-B9E5-E8E43CCE511B}.Release|Any CPU.ActiveCfg = Release|Any CPU
		{5E337379-4650-4AEB-B9E5-E8E43CCE511B}.Release|Any CPU.Build.0 = Release|Any CPU
		{E316FA9A-B06C-49C0-AF70-69A2E9024693}.Debug|Any CPU.ActiveCfg = Debug|Any CPU
		{E316FA9A-B06C-49C0-AF70-69A2E9024693}.Debug|Any CPU.Build.0 = Debug|Any CPU
		{E316FA9A-B06C-49C0-AF70-69A2E9024693}.Release|Any CPU.ActiveCfg = Release|Any CPU
		{E316FA9A-B06C-49C0-AF70-69A2E9024693}.Release|Any CPU.Build.0 = Release|Any CPU
	EndGlobalSection
	GlobalSection(SolutionProperties) = preSolution
		HideSolutionNode = FALSE
	EndGlobalSection
	GlobalSection(ExtensibilityGlobals) = postSolution
		SolutionGuid = {0C032390-64BF-4834-B06D-C9E367117A64}
	EndGlobalSection
EndGlobal
